
Microsoft Visual Studio Solution File, Format Version 12.00
# Visual Studio Version 16
VisualStudioVersion = 16.0.31515.178
MinimumVisualStudioVersion = 10.0.40219.1
Project("{9A19103F-16F7-4668-BE54-9A1E7A4F7556}") = "LeetCode.FindMaxConsecutiveOnes", "01_Arrays\LeetCode.FindMaxConsecutiveOnes\LeetCode.FindMaxConsecutiveOnes.csproj", "{EAA9E49B-2D41-4AB3-919E-4134C551CB40}"
EndProject
Project("{2150E333-8FDC-42A3-9474-1A3956D46DE8}") = "01_Arrays", "01_Arrays", "{8C98FBB4-87FA-4D67-870C-45F6AD5D7634}"
EndProject
Project("{9A19103F-16F7-4668-BE54-9A1E7A4F7556}") = "LeetCode.FindEvenNumbersWithEvenNumberOfDigits", "01_Arrays\LeetCode.FindEvenNumbersWithEvenNumberOfDigits\LeetCode.FindEvenNumbersWithEvenNumberOfDigits.csproj", "{B3921597-AEF9-468B-BDCA-519DA1B0BA6A}"
EndProject
Project("{9A19103F-16F7-4668-BE54-9A1E7A4F7556}") = "LeetCode.SquaresOfASortedArray", "01_Arrays\LeetCode.SquaresOfASortedArray\LeetCode.SquaresOfASortedArray.csproj", "{67BBE0F9-9F2C-4EE2-8CC5-6D175FF6AB67}"
EndProject
Project("{9A19103F-16F7-4668-BE54-9A1E7A4F7556}") = "LeetCode.DuplicateZeros", "01_Arrays\LeetCode.DuplicateZeros\LeetCode.DuplicateZeros.csproj", "{B8FF0863-E113-4776-8444-E595F39016B7}"
EndProject
Project("{9A19103F-16F7-4668-BE54-9A1E7A4F7556}") = "LeetCode.MergeSortedArray", "01_Arrays\LeetCode.MergeSortedArray\LeetCode.MergeSortedArray.csproj", "{9A6AC6C3-7F21-4D3E-B924-E19AB7BED741}"
EndProject
Project("{9A19103F-16F7-4668-BE54-9A1E7A4F7556}") = "LeetCode.RemoveElement", "01_Arrays\LeetCode.RemoveElement\LeetCode.RemoveElement.csproj", "{89DA2FA9-B349-4141-9C57-5358B111C6B4}"
EndProject
Project("{9A19103F-16F7-4668-BE54-9A1E7A4F7556}") = "LeetCode.RemoveDuplicatesFromSortedArray", "01_Arrays\LeetCode.RemoveDuplicatesFromSortedArray\LeetCode.RemoveDuplicatesFromSortedArray.csproj", "{990E4A0D-8CA6-42F8-8577-3C8F591EE882}"
EndProject
Project("{9A19103F-16F7-4668-BE54-9A1E7A4F7556}") = "LeetCode.CheckIfNAndItsDoubleExist", "01_Arrays\LeetCode.CheckIfNAndItsDoubleExist\LeetCode.CheckIfNAndItsDoubleExist.csproj", "{7C22C1C3-01E5-44F9-AC90-DB9941124BC6}"
EndProject
Project("{9A19103F-16F7-4668-BE54-9A1E7A4F7556}") = "LeetCode.ValidMountainArray", "01_Arrays\LeetCode.ValidMountainArray\LeetCode.ValidMountainArray.csproj", "{B1916DB6-2B4A-4839-9FDF-FFE699E01CA7}"
EndProject
Project("{9A19103F-16F7-4668-BE54-9A1E7A4F7556}") = "LeetCode.ReplaceElementsWithGreatestElementOnRightSide", "01_Arrays\LeetCode.ReplaceElementsWithGreatestElementOnRightSide\LeetCode.ReplaceElementsWithGreatestElementOnRightSide.csproj", "{9950F540-0CD8-4768-9AA5-2FFB5D2A24A7}"
EndProject
Project("{FAE04EC0-301F-11D3-BF4B-00C04F79EFBC}") = "LeetCode.MoveZeroes", "01_Arrays\LeetCode.MoveZeroes\LeetCode.MoveZeroes.csproj", "{A7EB04EF-40A7-4596-8A29-CC6AB2B0BC37}"
EndProject
Project("{FAE04EC0-301F-11D3-BF4B-00C04F79EFBC}") = "LeetCode.SortArrayByParity", "01_Arrays\LeetCode.SortArrayByParity\LeetCode.SortArrayByParity.csproj", "{EFEA68FE-0A3D-41BE-9056-C2990D0DC75C}"
EndProject
Global
	GlobalSection(SolutionConfigurationPlatforms) = preSolution
		Debug|Any CPU = Debug|Any CPU
		Release|Any CPU = Release|Any CPU
	EndGlobalSection
	GlobalSection(ProjectConfigurationPlatforms) = postSolution
		{EAA9E49B-2D41-4AB3-919E-4134C551CB40}.Debug|Any CPU.ActiveCfg = Debug|Any CPU
		{EAA9E49B-2D41-4AB3-919E-4134C551CB40}.Debug|Any CPU.Build.0 = Debug|Any CPU
		{EAA9E49B-2D41-4AB3-919E-4134C551CB40}.Release|Any CPU.ActiveCfg = Release|Any CPU
		{EAA9E49B-2D41-4AB3-919E-4134C551CB40}.Release|Any CPU.Build.0 = Release|Any CPU
		{B3921597-AEF9-468B-BDCA-519DA1B0BA6A}.Debug|Any CPU.ActiveCfg = Debug|Any CPU
		{B3921597-AEF9-468B-BDCA-519DA1B0BA6A}.Debug|Any CPU.Build.0 = Debug|Any CPU
		{B3921597-AEF9-468B-BDCA-519DA1B0BA6A}.Release|Any CPU.ActiveCfg = Release|Any CPU
		{B3921597-AEF9-468B-BDCA-519DA1B0BA6A}.Release|Any CPU.Build.0 = Release|Any CPU
		{67BBE0F9-9F2C-4EE2-8CC5-6D175FF6AB67}.Debug|Any CPU.ActiveCfg = Debug|Any CPU
		{67BBE0F9-9F2C-4EE2-8CC5-6D175FF6AB67}.Debug|Any CPU.Build.0 = Debug|Any CPU
		{67BBE0F9-9F2C-4EE2-8CC5-6D175FF6AB67}.Release|Any CPU.ActiveCfg = Release|Any CPU
		{67BBE0F9-9F2C-4EE2-8CC5-6D175FF6AB67}.Release|Any CPU.Build.0 = Release|Any CPU
		{B8FF0863-E113-4776-8444-E595F39016B7}.Debug|Any CPU.ActiveCfg = Debug|Any CPU
		{B8FF0863-E113-4776-8444-E595F39016B7}.Debug|Any CPU.Build.0 = Debug|Any CPU
		{B8FF0863-E113-4776-8444-E595F39016B7}.Release|Any CPU.ActiveCfg = Release|Any CPU
		{B8FF0863-E113-4776-8444-E595F39016B7}.Release|Any CPU.Build.0 = Release|Any CPU
		{9A6AC6C3-7F21-4D3E-B924-E19AB7BED741}.Debug|Any CPU.ActiveCfg = Debug|Any CPU
		{9A6AC6C3-7F21-4D3E-B924-E19AB7BED741}.Debug|Any CPU.Build.0 = Debug|Any CPU
		{9A6AC6C3-7F21-4D3E-B924-E19AB7BED741}.Release|Any CPU.ActiveCfg = Release|Any CPU
		{9A6AC6C3-7F21-4D3E-B924-E19AB7BED741}.Release|Any CPU.Build.0 = Release|Any CPU
		{89DA2FA9-B349-4141-9C57-5358B111C6B4}.Debug|Any CPU.ActiveCfg = Debug|Any CPU
		{89DA2FA9-B349-4141-9C57-5358B111C6B4}.Debug|Any CPU.Build.0 = Debug|Any CPU
		{89DA2FA9-B349-4141-9C57-5358B111C6B4}.Release|Any CPU.ActiveCfg = Release|Any CPU
		{89DA2FA9-B349-4141-9C57-5358B111C6B4}.Release|Any CPU.Build.0 = Release|Any CPU
		{990E4A0D-8CA6-42F8-8577-3C8F591EE882}.Debug|Any CPU.ActiveCfg = Debug|Any CPU
		{990E4A0D-8CA6-42F8-8577-3C8F591EE882}.Debug|Any CPU.Build.0 = Debug|Any CPU
		{990E4A0D-8CA6-42F8-8577-3C8F591EE882}.Release|Any CPU.ActiveCfg = Release|Any CPU
		{990E4A0D-8CA6-42F8-8577-3C8F591EE882}.Release|Any CPU.Build.0 = Release|Any CPU
		{7C22C1C3-01E5-44F9-AC90-DB9941124BC6}.Debug|Any CPU.ActiveCfg = Debug|Any CPU
		{7C22C1C3-01E5-44F9-AC90-DB9941124BC6}.Debug|Any CPU.Build.0 = Debug|Any CPU
		{7C22C1C3-01E5-44F9-AC90-DB9941124BC6}.Release|Any CPU.ActiveCfg = Release|Any CPU
		{7C22C1C3-01E5-44F9-AC90-DB9941124BC6}.Release|Any CPU.Build.0 = Release|Any CPU
		{B1916DB6-2B4A-4839-9FDF-FFE699E01CA7}.Debug|Any CPU.ActiveCfg = Debug|Any CPU
		{B1916DB6-2B4A-4839-9FDF-FFE699E01CA7}.Debug|Any CPU.Build.0 = Debug|Any CPU
		{B1916DB6-2B4A-4839-9FDF-FFE699E01CA7}.Release|Any CPU.ActiveCfg = Release|Any CPU
		{B1916DB6-2B4A-4839-9FDF-FFE699E01CA7}.Release|Any CPU.Build.0 = Release|Any CPU
		{9950F540-0CD8-4768-9AA5-2FFB5D2A24A7}.Debug|Any CPU.ActiveCfg = Debug|Any CPU
		{9950F540-0CD8-4768-9AA5-2FFB5D2A24A7}.Debug|Any CPU.Build.0 = Debug|Any CPU
		{9950F540-0CD8-4768-9AA5-2FFB5D2A24A7}.Release|Any CPU.ActiveCfg = Release|Any CPU
		{9950F540-0CD8-4768-9AA5-2FFB5D2A24A7}.Release|Any CPU.Build.0 = Release|Any CPU
		{A7EB04EF-40A7-4596-8A29-CC6AB2B0BC37}.Debug|Any CPU.ActiveCfg = Debug|Any CPU
		{A7EB04EF-40A7-4596-8A29-CC6AB2B0BC37}.Debug|Any CPU.Build.0 = Debug|Any CPU
		{A7EB04EF-40A7-4596-8A29-CC6AB2B0BC37}.Release|Any CPU.ActiveCfg = Release|Any CPU
		{A7EB04EF-40A7-4596-8A29-CC6AB2B0BC37}.Release|Any CPU.Build.0 = Release|Any CPU
		{EFEA68FE-0A3D-41BE-9056-C2990D0DC75C}.Debug|Any CPU.ActiveCfg = Debug|Any CPU
		{EFEA68FE-0A3D-41BE-9056-C2990D0DC75C}.Debug|Any CPU.Build.0 = Debug|Any CPU
		{EFEA68FE-0A3D-41BE-9056-C2990D0DC75C}.Release|Any CPU.ActiveCfg = Release|Any CPU
		{EFEA68FE-0A3D-41BE-9056-C2990D0DC75C}.Release|Any CPU.Build.0 = Release|Any CPU
	EndGlobalSection
	GlobalSection(SolutionProperties) = preSolution
		HideSolutionNode = FALSE
	EndGlobalSection
	GlobalSection(NestedProjects) = preSolution
		{EAA9E49B-2D41-4AB3-919E-4134C551CB40} = {8C98FBB4-87FA-4D67-870C-45F6AD5D7634}
		{B3921597-AEF9-468B-BDCA-519DA1B0BA6A} = {8C98FBB4-87FA-4D67-870C-45F6AD5D7634}
		{67BBE0F9-9F2C-4EE2-8CC5-6D175FF6AB67} = {8C98FBB4-87FA-4D67-870C-45F6AD5D7634}
		{B8FF0863-E113-4776-8444-E595F39016B7} = {8C98FBB4-87FA-4D67-870C-45F6AD5D7634}
		{9A6AC6C3-7F21-4D3E-B924-E19AB7BED741} = {8C98FBB4-87FA-4D67-870C-45F6AD5D7634}
		{89DA2FA9-B349-4141-9C57-5358B111C6B4} = {8C98FBB4-87FA-4D67-870C-45F6AD5D7634}
		{990E4A0D-8CA6-42F8-8577-3C8F591EE882} = {8C98FBB4-87FA-4D67-870C-45F6AD5D7634}
		{7C22C1C3-01E5-44F9-AC90-DB9941124BC6} = {8C98FBB4-87FA-4D67-870C-45F6AD5D7634}
		{B1916DB6-2B4A-4839-9FDF-FFE699E01CA7} = {8C98FBB4-87FA-4D67-870C-45F6AD5D7634}
		{9950F540-0CD8-4768-9AA5-2FFB5D2A24A7} = {8C98FBB4-87FA-4D67-870C-45F6AD5D7634}
		{A7EB04EF-40A7-4596-8A29-CC6AB2B0BC37} = {8C98FBB4-87FA-4D67-870C-45F6AD5D7634}
		{EFEA68FE-0A3D-41BE-9056-C2990D0DC75C} = {8C98FBB4-87FA-4D67-870C-45F6AD5D7634}
	EndGlobalSection
	GlobalSection(ExtensibilityGlobals) = postSolution
		SolutionGuid = {483BDE4A-B4D5-4DCA-B0C1-010B413B8843}
	EndGlobalSection
EndGlobal
